
Microsoft Visual Studio Solution File, Format Version 12.00
# Visual Studio 14
VisualStudioVersion = 14.0.25420.1
MinimumVisualStudioVersion = 10.0.40219.1
Project("{2150E333-8FDC-42A3-9474-1A3956D46DE8}") = "src", "src", "{BC8FCAA1-D095-44BF-920E-11DC849932C7}"
EndProject
Project("{2150E333-8FDC-42A3-9474-1A3956D46DE8}") = "Solution Items", "Solution Items", "{24877AAD-DB5A-4003-ACA5-16BD1292B910}"
	ProjectSection(SolutionItems) = preProject
		global.json = global.json
	EndProjectSection
EndProject
Project("{8BB2217D-0F2D-49D1-97BC-3654ED321F3B}") = "IdentityServer4-Manager", "src\IdentityServer4-Manager\IdentityServer4-Manager.xproj", "{89E0CF2C-1F21-42C6-95F8-6D768260FF8E}"
EndProject
Project("{2150E333-8FDC-42A3-9474-1A3956D46DE8}") = "test", "test", "{818D6704-EDCA-4797-8830-58C91EB426ED}"
EndProject
Project("{2150E333-8FDC-42A3-9474-1A3956D46DE8}") = "client", "client", "{2BB329AF-8AF3-4893-9564-1B21FFE2545F}"
EndProject
Project("{8BB2217D-0F2D-49D1-97BC-3654ED321F3B}") = "MvcClient", "sample\MvcClient\MvcClient.xproj", "{032E5D07-0560-41C6-BADE-88F8AEA0F0B2}"
EndProject
Project("{8BB2217D-0F2D-49D1-97BC-3654ED321F3B}") = "IdentityServer4", "..\..\2source code\IdentityServer4\src\IdentityServer4\IdentityServer4.xproj", "{407C030E-60E6-41F7-AF43-0AC48EDCC17D}"
EndProject
Global
	GlobalSection(SolutionConfigurationPlatforms) = preSolution
		Debug|Any CPU = Debug|Any CPU
		Release|Any CPU = Release|Any CPU
	EndGlobalSection
	GlobalSection(ProjectConfigurationPlatforms) = postSolution
		{89E0CF2C-1F21-42C6-95F8-6D768260FF8E}.Debug|Any CPU.ActiveCfg = Debug|Any CPU
		{89E0CF2C-1F21-42C6-95F8-6D768260FF8E}.Debug|Any CPU.Build.0 = Debug|Any CPU
		{89E0CF2C-1F21-42C6-95F8-6D768260FF8E}.Release|Any CPU.ActiveCfg = Release|Any CPU
		{89E0CF2C-1F21-42C6-95F8-6D768260FF8E}.Release|Any CPU.Build.0 = Release|Any CPU
		{032E5D07-0560-41C6-BADE-88F8AEA0F0B2}.Debug|Any CPU.ActiveCfg = Debug|Any CPU
		{032E5D07-0560-41C6-BADE-88F8AEA0F0B2}.Debug|Any CPU.Build.0 = Debug|Any CPU
		{032E5D07-0560-41C6-BADE-88F8AEA0F0B2}.Release|Any CPU.ActiveCfg = Release|Any CPU
		{032E5D07-0560-41C6-BADE-88F8AEA0F0B2}.Release|Any CPU.Build.0 = Release|Any CPU
		{407C030E-60E6-41F7-AF43-0AC48EDCC17D}.Debug|Any CPU.ActiveCfg = Debug|Any CPU
		{407C030E-60E6-41F7-AF43-0AC48EDCC17D}.Debug|Any CPU.Build.0 = Debug|Any CPU
		{407C030E-60E6-41F7-AF43-0AC48EDCC17D}.Release|Any CPU.ActiveCfg = Release|Any CPU
		{407C030E-60E6-41F7-AF43-0AC48EDCC17D}.Release|Any CPU.Build.0 = Release|Any CPU
	EndGlobalSection
	GlobalSection(SolutionProperties) = preSolution
		HideSolutionNode = FALSE
	EndGlobalSection
	GlobalSection(NestedProjects) = preSolution
		{89E0CF2C-1F21-42C6-95F8-6D768260FF8E} = {BC8FCAA1-D095-44BF-920E-11DC849932C7}
		{032E5D07-0560-41C6-BADE-88F8AEA0F0B2} = {2BB329AF-8AF3-4893-9564-1B21FFE2545F}
		{407C030E-60E6-41F7-AF43-0AC48EDCC17D} = {BC8FCAA1-D095-44BF-920E-11DC849932C7}
	EndGlobalSection
EndGlobal
